
Microsoft Visual Studio Solution File, Format Version 12.00
# Visual Studio 14
VisualStudioVersion = 14.0.25420.1
MinimumVisualStudioVersion = 10.0.40219.1
Project("{FAE04EC0-301F-11D3-BF4B-00C04F79EFBC}") = "PortableNative.Droid", "PortableNative\PortableNative.Droid\PortableNative.Droid.csproj", "{19BCD81C-7AD1-4699-B5F5-FD76828F710F}"
EndProject
Project("{FAE04EC0-301F-11D3-BF4B-00C04F79EFBC}") = "PortableNative.iOS", "PortableNative\PortableNative.iOS\PortableNative.iOS.csproj", "{5F1B722A-0785-4576-AB01-FD2447AF249E}"
EndProject
Project("{FAE04EC0-301F-11D3-BF4B-00C04F79EFBC}") = "PortableNative", "PortableNative\PortableNative\PortableNative.csproj", "{76C176F8-0686-454D-AED6-2781D00EC8FE}"
EndProject
Global
	GlobalSection(SolutionConfigurationPlatforms) = preSolution
		Debug|Any CPU = Debug|Any CPU
		Debug|iPhone = Debug|iPhone
		Debug|iPhoneSimulator = Debug|iPhoneSimulator
		Release|Any CPU = Release|Any CPU
		Release|iPhone = Release|iPhone
		Release|iPhoneSimulator = Release|iPhoneSimulator
	EndGlobalSection
	GlobalSection(ProjectConfigurationPlatforms) = postSolution
		{19BCD81C-7AD1-4699-B5F5-FD76828F710F}.Debug|Any CPU.ActiveCfg = Debug|Any CPU
		{19BCD81C-7AD1-4699-B5F5-FD76828F710F}.Debug|Any CPU.Build.0 = Debug|Any CPU
		{19BCD81C-7AD1-4699-B5F5-FD76828F710F}.Debug|Any CPU.Deploy.0 = Debug|Any CPU
		{19BCD81C-7AD1-4699-B5F5-FD76828F710F}.Debug|iPhone.ActiveCfg = Debug|Any CPU
		{19BCD81C-7AD1-4699-B5F5-FD76828F710F}.Debug|iPhone.Build.0 = Debug|Any CPU
		{19BCD81C-7AD1-4699-B5F5-FD76828F710F}.Debug|iPhone.Deploy.0 = Debug|Any CPU
		{19BCD81C-7AD1-4699-B5F5-FD76828F710F}.Debug|iPhoneSimulator.ActiveCfg = Debug|Any CPU
		{19BCD81C-7AD1-4699-B5F5-FD76828F710F}.Debug|iPhoneSimulator.Build.0 = Debug|Any CPU
		{19BCD81C-7AD1-4699-B5F5-FD76828F710F}.Debug|iPhoneSimulator.Deploy.0 = Debug|Any CPU
		{19BCD81C-7AD1-4699-B5F5-FD76828F710F}.Release|Any CPU.ActiveCfg = Release|Any CPU
		{19BCD81C-7AD1-4699-B5F5-FD76828F710F}.Release|Any CPU.Build.0 = Release|Any CPU
		{19BCD81C-7AD1-4699-B5F5-FD76828F710F}.Release|Any CPU.Deploy.0 = Release|Any CPU
		{19BCD81C-7AD1-4699-B5F5-FD76828F710F}.Release|iPhone.ActiveCfg = Release|Any CPU
		{19BCD81C-7AD1-4699-B5F5-FD76828F710F}.Release|iPhone.Build.0 = Release|Any CPU
		{19BCD81C-7AD1-4699-B5F5-FD76828F710F}.Release|iPhone.Deploy.0 = Release|Any CPU
		{19BCD81C-7AD1-4699-B5F5-FD76828F710F}.Release|iPhoneSimulator.ActiveCfg = Release|Any CPU
		{19BCD81C-7AD1-4699-B5F5-FD76828F710F}.Release|iPhoneSimulator.Build.0 = Release|Any CPU
		{19BCD81C-7AD1-4699-B5F5-FD76828F710F}.Release|iPhoneSimulator.Deploy.0 = Release|Any CPU
		{5F1B722A-0785-4576-AB01-FD2447AF249E}.Debug|Any CPU.ActiveCfg = Debug|iPhone
		{5F1B722A-0785-4576-AB01-FD2447AF249E}.Debug|iPhone.ActiveCfg = Debug|iPhone
		{5F1B722A-0785-4576-AB01-FD2447AF249E}.Debug|iPhone.Build.0 = Debug|iPhone
		{5F1B722A-0785-4576-AB01-FD2447AF249E}.Debug|iPhoneSimulator.ActiveCfg = Debug|iPhoneSimulator
		{5F1B722A-0785-4576-AB01-FD2447AF249E}.Debug|iPhoneSimulator.Build.0 = Debug|iPhoneSimulator
		{5F1B722A-0785-4576-AB01-FD2447AF249E}.Release|Any CPU.ActiveCfg = Release|iPhone
		{5F1B722A-0785-4576-AB01-FD2447AF249E}.Release|iPhone.ActiveCfg = Release|iPhone
		{5F1B722A-0785-4576-AB01-FD2447AF249E}.Release|iPhone.Build.0 = Release|iPhone
		{5F1B722A-0785-4576-AB01-FD2447AF249E}.Release|iPhoneSimulator.ActiveCfg = Release|iPhoneSimulator
		{5F1B722A-0785-4576-AB01-FD2447AF249E}.Release|iPhoneSimulator.Build.0 = Release|iPhoneSimulator
		{76C176F8-0686-454D-AED6-2781D00EC8FE}.Debug|Any CPU.ActiveCfg = Debug|Any CPU
		{76C176F8-0686-454D-AED6-2781D00EC8FE}.Debug|Any CPU.Build.0 = Debug|Any CPU
		{76C176F8-0686-454D-AED6-2781D00EC8FE}.Debug|iPhone.ActiveCfg = Debug|Any CPU
		{76C176F8-0686-454D-AED6-2781D00EC8FE}.Debug|iPhone.Build.0 = Debug|Any CPU
		{76C176F8-0686-454D-AED6-2781D00EC8FE}.Debug|iPhoneSimulator.ActiveCfg = Debug|Any CPU
		{76C176F8-0686-454D-AED6-2781D00EC8FE}.Debug|iPhoneSimulator.Build.0 = Debug|Any CPU
		{76C176F8-0686-454D-AED6-2781D00EC8FE}.Release|Any CPU.ActiveCfg = Release|Any CPU
		{76C176F8-0686-454D-AED6-2781D00EC8FE}.Release|Any CPU.Build.0 = Release|Any CPU
		{76C176F8-0686-454D-AED6-2781D00EC8FE}.Release|iPhone.ActiveCfg = Release|Any CPU
		{76C176F8-0686-454D-AED6-2781D00EC8FE}.Release|iPhone.Build.0 = Release|Any CPU
		{76C176F8-0686-454D-AED6-2781D00EC8FE}.Release|iPhoneSimulator.ActiveCfg = Release|Any CPU
		{76C176F8-0686-454D-AED6-2781D00EC8FE}.Release|iPhoneSimulator.Build.0 = Release|Any CPU
	EndGlobalSection
	GlobalSection(SolutionProperties) = preSolution
		HideSolutionNode = FALSE
	EndGlobalSection
EndGlobal
